// !$*UTF8*$!
{
	archiveVersion = 1;
	classes = {
	};
	objectVersion = 50;
	objects = {

/* Begin PBXBuildFile section */
		8868A9DF21DDBBC900CF1AC6 /* AppDelegate.swift in Sources */ = {isa = PBXBuildFile; fileRef = 8868A9DE21DDBBC900CF1AC6 /* AppDelegate.swift */; };
		8868A9E121DDBBC900CF1AC6 /* GameScene.sks in Resources */ = {isa = PBXBuildFile; fileRef = 8868A9E021DDBBC900CF1AC6 /* GameScene.sks */; };
		8868A9E321DDBBC900CF1AC6 /* Actions.sks in Resources */ = {isa = PBXBuildFile; fileRef = 8868A9E221DDBBC900CF1AC6 /* Actions.sks */; };
		8868A9E521DDBBC900CF1AC6 /* GameScene.swift in Sources */ = {isa = PBXBuildFile; fileRef = 8868A9E421DDBBC900CF1AC6 /* GameScene.swift */; };
		8868A9E721DDBBC900CF1AC6 /* GameViewController.swift in Sources */ = {isa = PBXBuildFile; fileRef = 8868A9E621DDBBC900CF1AC6 /* GameViewController.swift */; };
		8868A9EA21DDBBC900CF1AC6 /* Main.storyboard in Resources */ = {isa = PBXBuildFile; fileRef = 8868A9E821DDBBC900CF1AC6 /* Main.storyboard */; };
		8868A9EC21DDBBD400CF1AC6 /* Assets.xcassets in Resources */ = {isa = PBXBuildFile; fileRef = 8868A9EB21DDBBD400CF1AC6 /* Assets.xcassets */; };
		8868A9EF21DDBBD400CF1AC6 /* LaunchScreen.storyboard in Resources */ = {isa = PBXBuildFile; fileRef = 8868A9ED21DDBBD400CF1AC6 /* LaunchScreen.storyboard */; };
/* End PBXBuildFile section */

/* Begin PBXFileReference section */
		8868A9DB21DDBBC800CF1AC6 /* SpaceJump.app */ = {isa = PBXFileReference; explicitFileType = wrapper.application; includeInIndex = 0; path = SpaceJump.app; sourceTree = BUILT_PRODUCTS_DIR; };
		8868A9DE21DDBBC900CF1AC6 /* AppDelegate.swift */ = {isa = PBXFileReference; lastKnownFileType = sourcecode.swift; path = AppDelegate.swift; sourceTree = "<group>"; };
		8868A9E021DDBBC900CF1AC6 /* GameScene.sks */ = {isa = PBXFileReference; lastKnownFileType = file.sks; path = GameScene.sks; sourceTree = "<group>"; };
		8868A9E221DDBBC900CF1AC6 /* Actions.sks */ = {isa = PBXFileReference; lastKnownFileType = file.sks; path = Actions.sks; sourceTree = "<group>"; };
		8868A9E421DDBBC900CF1AC6 /* GameScene.swift */ = {isa = PBXFileReference; lastKnownFileType = sourcecode.swift; path = GameScene.swift; sourceTree = "<group>"; };
		8868A9E621DDBBC900CF1AC6 /* GameViewController.swift */ = {isa = PBXFileReference; lastKnownFileType = sourcecode.swift; path = GameViewController.swift; sourceTree = "<group>"; };
		8868A9E921DDBBC900CF1AC6 /* Base */ = {isa = PBXFileReference; lastKnownFileType = file.storyboard; name = Base; path = Base.lproj/Main.storyboard; sourceTree = "<group>"; };
		8868A9EB21DDBBD400CF1AC6 /* Assets.xcassets */ = {isa = PBXFileReference; lastKnownFileType = folder.assetcatalog; path = Assets.xcassets; sourceTree = "<group>"; };
		8868A9EE21DDBBD400CF1AC6 /* Base */ = {isa = PBXFileReference; lastKnownFileType = file.storyboard; name = Base; path = Base.lproj/LaunchScreen.storyboard; sourceTree = "<group>"; };
		8868A9F021DDBBD400CF1AC6 /* Info.plist */ = {isa = PBXFileReference; lastKnownFileType = text.plist.xml; path = Info.plist; sourceTree = "<group>"; };
/* End PBXFileReference section */

/* Begin PBXFrameworksBuildPhase section */
		8868A9D821DDBBC800CF1AC6 /* Frameworks */ = {
			isa = PBXFrameworksBuildPhase;
			buildActionMask = 2147483647;
			files = (
			);
			runOnlyForDeploymentPostprocessing = 0;
		};
/* End PBXFrameworksBuildPhase section */

/* Begin PBXGroup section */
		8868A9D221DDBBC800CF1AC6 = {
			isa = PBXGroup;
			children = (
				8868A9DD21DDBBC800CF1AC6 /* SpaceJump */,
				8868A9DC21DDBBC800CF1AC6 /* Products */,
			);
			sourceTree = "<group>";
		};
		8868A9DC21DDBBC800CF1AC6 /* Products */ = {
			isa = PBXGroup;
			children = (
				8868A9DB21DDBBC800CF1AC6 /* SpaceJump.app */,
			);
			name = Products;
			sourceTree = "<group>";
		};
		8868A9DD21DDBBC800CF1AC6 /* SpaceJump */ = {
			isa = PBXGroup;
			children = (
				8868A9DE21DDBBC900CF1AC6 /* AppDelegate.swift */,
				8868A9E021DDBBC900CF1AC6 /* GameScene.sks */,
				8868A9E221DDBBC900CF1AC6 /* Actions.sks */,
				8868A9E421DDBBC900CF1AC6 /* GameScene.swift */,
				8868A9E621DDBBC900CF1AC6 /* GameViewController.swift */,
				8868A9E821DDBBC900CF1AC6 /* Main.storyboard */,
				8868A9EB21DDBBD400CF1AC6 /* Assets.xcassets */,
				8868A9ED21DDBBD400CF1AC6 /* LaunchScreen.storyboard */,
				8868A9F021DDBBD400CF1AC6 /* Info.plist */,
			);
			path = SpaceJump;
			sourceTree = "<group>";
		};
/* End PBXGroup section */

/* Begin PBXNativeTarget section */
		8868A9DA21DDBBC800CF1AC6 /* SpaceJump */ = {
			isa = PBXNativeTarget;
			buildConfigurationList = 8868A9F321DDBBD400CF1AC6 /* Build configuration list for PBXNativeTarget "SpaceJump" */;
			buildPhases = (
				8868A9D721DDBBC800CF1AC6 /* Sources */,
				8868A9D821DDBBC800CF1AC6 /* Frameworks */,
				8868A9D921DDBBC800CF1AC6 /* Resources */,
			);
			buildRules = (
			);
			dependencies = (
			);
			name = SpaceJump;
			productName = SpaceJump;
			productReference = 8868A9DB21DDBBC800CF1AC6 /* SpaceJump.app */;
			productType = "com.apple.product-type.application";
		};
/* End PBXNativeTarget section */

/* Begin PBXProject section */
		8868A9D321DDBBC800CF1AC6 /* Project object */ = {
			isa = PBXProject;
			attributes = {
				LastSwiftUpdateCheck = 1010;
				LastUpgradeCheck = 1010;
				ORGANIZATIONNAME = "Jacob Smith";
				TargetAttributes = {
					8868A9DA21DDBBC800CF1AC6 = {
						CreatedOnToolsVersion = 10.1;
					};
				};
			};
			buildConfigurationList = 8868A9D621DDBBC800CF1AC6 /* Build configuration list for PBXProject "SpaceJump" */;
			compatibilityVersion = "Xcode 9.3";
			developmentRegion = en;
			hasScannedForEncodings = 0;
			knownRegions = (
				en,
				Base,
			);
			mainGroup = 8868A9D221DDBBC800CF1AC6;
			productRefGroup = 8868A9DC21DDBBC800CF1AC6 /* Products */;
			projectDirPath = "";
			projectRoot = "";
			targets = (
				8868A9DA21DDBBC800CF1AC6 /* SpaceJump */,
			);
		};
/* End PBXProject section */

/* Begin PBXResourcesBuildPhase section */
		8868A9D921DDBBC800CF1AC6 /* Resources */ = {
			isa = PBXResourcesBuildPhase;
			buildActionMask = 2147483647;
			files = (
				8868A9EA21DDBBC900CF1AC6 /* Main.storyboard in Resources */,
				8868A9E121DDBBC900CF1AC6 /* GameScene.sks in Resources */,
				8868A9EC21DDBBD400CF1AC6 /* Assets.xcassets in Resources */,
				8868A9EF21DDBBD400CF1AC6 /* LaunchScreen.storyboard in Resources */,
				8868A9E321DDBBC900CF1AC6 /* Actions.sks in Resources */,
			);
			runOnlyForDeploymentPostprocessing = 0;
		};
/* End PBXResourcesBuildPhase section */

/* Begin PBXSourcesBuildPhase section */
		8868A9D721DDBBC800CF1AC6 /* Sources */ = {
			isa = PBXSourcesBuildPhase;
			buildActionMask = 2147483647;
			files = (
				8868A9E521DDBBC900CF1AC6 /* GameScene.swift in Sources */,
				8868A9E721DDBBC900CF1AC6 /* GameViewController.swift in Sources */,
				8868A9DF21DDBBC900CF1AC6 /* AppDelegate.swift in Sources */,
			);
			runOnlyForDeploymentPostprocessing = 0;
		};
/* End PBXSourcesBuildPhase section */

/* Begin PBXVariantGroup section */
		8868A9E821DDBBC900CF1AC6 /* Main.storyboard */ = {
			isa = PBXVariantGroup;
			children = (
				8868A9E921DDBBC900CF1AC6 /* Base */,
			);
			name = Main.storyboard;
			sourceTree = "<group>";
		};
		8868A9ED21DDBBD400CF1AC6 /* LaunchScreen.storyboard */ = {
			isa = PBXVariantGroup;
			children = (
				8868A9EE21DDBBD400CF1AC6 /* Base */,
			);
			name = LaunchScreen.storyboard;
			sourceTree = "<group>";
		};
/* End PBXVariantGroup section */

/* Begin XCBuildConfiguration section */
		8868A9F121DDBBD400CF1AC6 /* Debug */ = {
			isa = XCBuildConfiguration;
			buildSettings = {
				ALWAYS_SEARCH_USER_PATHS = NO;
				CLANG_ANALYZER_NONNULL = YES;
				CLANG_ANALYZER_NUMBER_OBJECT_CONVERSION = YES_AGGRESSIVE;
				CLANG_CXX_LANGUAGE_STANDARD = "gnu++14";
				CLANG_CXX_LIBRARY = "libc++";
				CLANG_ENABLE_MODULES = YES;
				CLANG_ENABLE_OBJC_ARC = YES;
				CLANG_ENABLE_OBJC_WEAK = YES;
				CLANG_WARN_BLOCK_CAPTURE_AUTORELEASING = YES;
				CLANG_WARN_BOOL_CONVERSION = YES;
				CLANG_WARN_COMMA = YES;
				CLANG_WARN_CONSTANT_CONVERSION = YES;
				CLANG_WARN_DEPRECATED_OBJC_IMPLEMENTATIONS = YES;
				CLANG_WARN_DIRECT_OBJC_ISA_USAGE = YES_ERROR;
				CLANG_WARN_DOCUMENTATION_COMMENTS = YES;
				CLANG_WARN_EMPTY_BODY = YES;
				CLANG_WARN_ENUM_CONVERSION = YES;
				CLANG_WARN_INFINITE_RECURSION = YES;
				CLANG_WARN_INT_CONVERSION = YES;
				CLANG_WARN_NON_LITERAL_NULL_CONVERSION = YES;
				CLANG_WARN_OBJC_IMPLICIT_RETAIN_SELF = YES;
				CLANG_WARN_OBJC_LITERAL_CONVERSION = YES;
				CLANG_WARN_OBJC_ROOT_CLASS = YES_ERROR;
				CLANG_WARN_RANGE_LOOP_ANALYSIS = YES;
				CLANG_WARN_STRICT_PROTOTYPES = YES;
				CLANG_WARN_SUSPICIOUS_MOVE = YES;
				CLANG_WARN_UNGUARDED_AVAILABILITY = YES_AGGRESSIVE;
				CLANG_WARN_UNREACHABLE_CODE = YES;
				CLANG_WARN__DUPLICATE_METHOD_MATCH = YES;
				CODE_SIGN_IDENTITY = "iPhone Developer";
				COPY_PHASE_STRIP = NO;
				DEBUG_INFORMATION_FORMAT = dwarf;
				ENABLE_STRICT_OBJC_MSGSEND = YES;
				ENABLE_TESTABILITY = YES;
				GCC_C_LANGUAGE_STANDARD = gnu11;
				GCC_DYNAMIC_NO_PIC = NO;
				GCC_NO_COMMON_BLOCKS = YES;
				GCC_OPTIMIZATION_LEVEL = 0;
				GCC_PREPROCESSOR_DEFINITIONS = (
					"DEBUG=1",
					"$(inherited)",
				);
				GCC_WARN_64_TO_32_BIT_CONVERSION = YES;
				GCC_WARN_ABOUT_RETURN_TYPE = YES_ERROR;
				GCC_WARN_UNDECLARED_SELECTOR = YES;
				GCC_WARN_UNINITIALIZED_AUTOS = YES_AGGRESSIVE;
				GCC_WARN_UNUSED_FUNCTION = YES;
				GCC_WARN_UNUSED_VARIABLE = YES;
				IPHONEOS_DEPLOYMENT_TARGET = 12.1;
				MTL_ENABLE_DEBUG_INFO = INCLUDE_SOURCE;
				MTL_FAST_MATH = YES;
				ONLY_ACTIVE_ARCH = YES;
				SDKROOT = iphoneos;
				SWIFT_ACTIVE_COMPILATION_CONDITIONS = DEBUG;
				SWIFT_OPTIMIZATION_LEVEL = "-Onone";
			};
			name = Debug;
		};
		8868A9F221DDBBD400CF1AC6 /* Release */ = {
			isa = XCBuildConfiguration;
			buildSettings = {
				ALWAYS_SEARCH_USER_PATHS = NO;
				CLANG_ANALYZER_NONNULL = YES;
				CLANG_ANALYZER_NUMBER_OBJECT_CONVERSION = YES_AGGRESSIVE;
				CLANG_CXX_LANGUAGE_STANDARD = "gnu++14";
				CLANG_CXX_LIBRARY = "libc++";
				CLANG_ENABLE_MODULES = YES;
				CLANG_ENABLE_OBJC_ARC = YES;
				CLANG_ENABLE_OBJC_WEAK = YES;
				CLANG_WARN_BLOCK_CAPTURE_AUTORELEASING = YES;
				CLANG_WARN_BOOL_CONVERSION = YES;
				CLANG_WARN_COMMA = YES;
				CLANG_WARN_CONSTANT_CONVERSION = YES;
				CLANG_WARN_DEPRECATED_OBJC_IMPLEMENTATIONS = YES;
				CLANG_WARN_DIRECT_OBJC_ISA_USAGE = YES_ERROR;
				CLANG_WARN_DOCUMENTATION_COMMENTS = YES;
				CLANG_WARN_EMPTY_BODY = YES;
				CLANG_WARN_ENUM_CONVERSION = YES;
				CLANG_WARN_INFINITE_RECURSION = YES;
				CLANG_WARN_INT_CONVERSION = YES;
				CLANG_WARN_NON_LITERAL_NULL_CONVERSION = YES;
				CLANG_WARN_OBJC_IMPLICIT_RETAIN_SELF = YES;
				CLANG_WARN_OBJC_LITERAL_CONVERSION = YES;
				CLANG_WARN_OBJC_ROOT_CLASS = YES_ERROR;
				CLANG_WARN_RANGE_LOOP_ANALYSIS = YES;
				CLANG_WARN_STRICT_PROTOTYPES = YES;
				CLANG_WARN_SUSPICIOUS_MOVE = YES;
				CLANG_WARN_UNGUARDED_AVAILABILITY = YES_AGGRESSIVE;
				CLANG_WARN_UNREACHABLE_CODE = YES;
				CLANG_WARN__DUPLICATE_METHOD_MATCH = YES;
				CODE_SIGN_IDENTITY = "iPhone Developer";
				COPY_PHASE_STRIP = NO;
				DEBUG_INFORMATION_FORMAT = "dwarf-with-dsym";
				ENABLE_NS_ASSERTIONS = NO;
				ENABLE_STRICT_OBJC_MSGSEND = YES;
				GCC_C_LANGUAGE_STANDARD = gnu11;
				GCC_NO_COMMON_BLOCKS = YES;
				GCC_WARN_64_TO_32_BIT_CONVERSION = YES;
				GCC_WARN_ABOUT_RETURN_TYPE = YES_ERROR;
				GCC_WARN_UNDECLARED_SELECTOR = YES;
				GCC_WARN_UNINITIALIZED_AUTOS = YES_AGGRESSIVE;
				GCC_WARN_UNUSED_FUNCTION = YES;
				GCC_WARN_UNUSED_VARIABLE = YES;
				IPHONEOS_DEPLOYMENT_TARGET = 12.1;
				MTL_ENABLE_DEBUG_INFO = NO;
				MTL_FAST_MATH = YES;
				SDKROOT = iphoneos;
				SWIFT_COMPILATION_MODE = wholemodule;
				SWIFT_OPTIMIZATION_LEVEL = "-O";
				VALIDATE_PRODUCT = YES;
			};
			name = Release;
		};
		8868A9F421DDBBD400CF1AC6 /* Debug */ = {
			isa = XCBuildConfiguration;
			buildSettings = {
				ASSETCATALOG_COMPILER_APPICON_NAME = AppIcon;
				CODE_SIGN_STYLE = Automatic;
				INFOPLIST_FILE = SpaceJump/Info.plist;
				LD_RUNPATH_SEARCH_PATHS = (
					"$(inherited)",
					"@executable_path/Frameworks",
				);
				PRODUCT_BUNDLE_IDENTIFIER = JacobSmith.SpaceJump;
				PRODUCT_NAME = "$(TARGET_NAME)";
				SWIFT_VERSION = 4.2;
				TARGETED_DEVICE_FAMILY = "1,2";
			};
			name = Debug;
		};
		8868A9F521DDBBD400CF1AC6 /* Release */ = {
			isa = XCBuildConfiguration;
			buildSettings = {
				ASSETCATALOG_COMPILER_APPICON_NAME = AppIcon;
				CODE_SIGN_STYLE = Automatic;
				INFOPLIST_FILE = SpaceJump/Info.plist;
				LD_RUNPATH_SEARCH_PATHS = (
					"$(inherited)",
					"@executable_path/Frameworks",
				);
				PRODUCT_BUNDLE_IDENTIFIER = JacobSmith.SpaceJump;
				PRODUCT_NAME = "$(TARGET_NAME)";
				SWIFT_VERSION = 4.2;
				TARGETED_DEVICE_FAMILY = "1,2";
			};
			name = Release;
		};
/* End XCBuildConfiguration section */

/* Begin XCConfigurationList section */
		8868A9D621DDBBC800CF1AC6 /* Build configuration list for PBXProject "SpaceJump" */ = {
			isa = XCConfigurationList;
			buildConfigurations = (
				8868A9F121DDBBD400CF1AC6 /* Debug */,
				8868A9F221DDBBD400CF1AC6 /* Release */,
			);
			defaultConfigurationIsVisible = 0;
			defaultConfigurationName = Release;
		};
		8868A9F321DDBBD400CF1AC6 /* Build configuration list for PBXNativeTarget "SpaceJump" */ = {
			isa = XCConfigurationList;
			buildConfigurations = (
				8868A9F421DDBBD400CF1AC6 /* Debug */,
				8868A9F521DDBBD400CF1AC6 /* Release */,
			);
			defaultConfigurationIsVisible = 0;
			defaultConfigurationName = Release;
		};
/* End XCConfigurationList section */
	};
	rootObject = 8868A9D321DDBBC800CF1AC6 /* Project object */;
}
